
Microsoft Visual Studio Solution File, Format Version 12.00
# Visual Studio Version 17
VisualStudioVersion = 17.5.33530.505
MinimumVisualStudioVersion = 10.0.40219.1
Project("{FAE04EC0-301F-11D3-BF4B-00C04F79EFBC}") = "Polymorphism", "Polymorphism\Polymorphism.csproj", "{166D2AC8-8404-4EE1-8E93-FFB94B62E4AD}"
EndProject
Project("{FAE04EC0-301F-11D3-BF4B-00C04F79EFBC}") = "Runner", "Runner\Runner.csproj", "{31C5F6E3-A075-4CE8-88C1-64E25EC63591}"
EndProject
Global
	GlobalSection(SolutionConfigurationPlatforms) = preSolution
		Debug|Any CPU = Debug|Any CPU
		Release|Any CPU = Release|Any CPU
	EndGlobalSection
	GlobalSection(ProjectConfigurationPlatforms) = postSolution
		{166D2AC8-8404-4EE1-8E93-FFB94B62E4AD}.Debug|Any CPU.ActiveCfg = Debug|Any CPU
		{166D2AC8-8404-4EE1-8E93-FFB94B62E4AD}.Debug|Any CPU.Build.0 = Debug|Any CPU
		{166D2AC8-8404-4EE1-8E93-FFB94B62E4AD}.Release|Any CPU.ActiveCfg = Release|Any CPU
		{166D2AC8-8404-4EE1-8E93-FFB94B62E4AD}.Release|Any CPU.Build.0 = Release|Any CPU
		{31C5F6E3-A075-4CE8-88C1-64E25EC63591}.Debug|Any CPU.ActiveCfg = Debug|Any CPU
		{31C5F6E3-A075-4CE8-88C1-64E25EC63591}.Debug|Any CPU.Build.0 = Debug|Any CPU
		{31C5F6E3-A075-4CE8-88C1-64E25EC63591}.Release|Any CPU.ActiveCfg = Release|Any CPU
		{31C5F6E3-A075-4CE8-88C1-64E25EC63591}.Release|Any CPU.Build.0 = Release|Any CPU
	EndGlobalSection
	GlobalSection(SolutionProperties) = preSolution
		HideSolutionNode = FALSE
	EndGlobalSection
	GlobalSection(ExtensibilityGlobals) = postSolution
		SolutionGuid = {F8559092-AE0D-4B15-8615-70BDAA671188}
	EndGlobalSection
EndGlobal
